
Microsoft Visual Studio Solution File, Format Version 12.00
# Visual Studio Version 16
VisualStudioVersion = 16.0.29609.76
MinimumVisualStudioVersion = 10.0.40219.1
Project("{FAE04EC0-301F-11D3-BF4B-00C04F79EFBC}") = "CaffeineV2", "CaffeineV2.csproj", "{6AD136C0-7EB4-4C50-ABF7-4A6DEA66E372}"
EndProject
Global
	GlobalSection(SolutionConfigurationPlatforms) = preSolution
		Debug|Any CPU = Debug|Any CPU
		Release|Any CPU = Release|Any CPU
	EndGlobalSection
	GlobalSection(ProjectConfigurationPlatforms) = postSolution
		{6AD136C0-7EB4-4C50-ABF7-4A6DEA66E372}.Debug|Any CPU.ActiveCfg = Debug|Any CPU
		{6AD136C0-7EB4-4C50-ABF7-4A6DEA66E372}.Debug|Any CPU.Build.0 = Debug|Any CPU
		{6AD136C0-7EB4-4C50-ABF7-4A6DEA66E372}.Release|Any CPU.ActiveCfg = Release|Any CPU
		{6AD136C0-7EB4-4C50-ABF7-4A6DEA66E372}.Release|Any CPU.Build.0 = Release|Any CPU
	EndGlobalSection
	GlobalSection(SolutionProperties) = preSolution
		HideSolutionNode = FALSE
	EndGlobalSection
	GlobalSection(ExtensibilityGlobals) = postSolution
		SolutionGuid = {CEE1F69D-0499-459F-9FBE-7389D74BD7C3}
	EndGlobalSection
EndGlobal
